# THIS IS AN AUTOGENERATED FILE. DO NOT EDIT THIS FILE DIRECTLY.
# yarn lockfile v1


"@chenfengyuan/datepicker@^1.0.10":
  version "1.0.10"
  resolved "https://registry.yarnpkg.com/@chenfengyuan/datepicker/-/datepicker-1.0.10.tgz#33d544d80f8f0a10dcb6194136ea5639d285b3d5"
  integrity sha512-w016ygdUgBY6hhV7HFKRy2DeSiRPPczekA6FJfIpmqQYh5leKne4WvW/YWOCY1xrQVvamdLyhMhbsn8vN5iQAg==
